{
  "name": "test",
  "lockfileVersion": 2,
  "requires": true,
  "packages": {
    "": {
      "dependencies": {
        "sanketfarande-frame-print": "^1.0.0"
      }
    },
    "node_modules/sanketfarande-frame-print": {
      "version": "1.0.0",
      "resolved": "https://registry.npmjs.org/sanketfarande-frame-print/-/sanketfarande-frame-print-1.0.0.tgz",
      "integrity": "sha512-KTV/oKSqwQEOwSmBsfHY2e4RgoXLuAjE8EblfUNItmmjOUEiEKWhfzsDnTnpjz5OhrQAkKcCoY3n6ids9AXhVg=="
    }
  },
  "dependencies": {
    "sanketfarande-frame-print": {
      "version": "1.0.0",
      "resolved": "https://registry.npmjs.org/sanketfarande-frame-print/-/sanketfarande-frame-print-1.0.0.tgz",
      "integrity": "sha512-KTV/oKSqwQEOwSmBsfHY2e4RgoXLuAjE8EblfUNItmmjOUEiEKWhfzsDnTnpjz5OhrQAkKcCoY3n6ids9AXhVg=="
    }
  }
}
